{
    "_readme": [
        "This file locks the dependencies of your project to a known state",
        "Read more about it at https://getcomposer.org/doc/01-basic-usage.md#installing-dependencies",
        "This file is @generated automatically"
    ],
    "content-hash": "be27c3e287efdb5a15408c5fcf562afe",
    "packages": [
        {
            "name": "crada/php-apidoc",
            "version": "1.3.9",
            "target-dir": "Crada/ApiDoc",
            "source": {
                "type": "git",
                "url": "https://github.com/calinrada/php-apidoc.git",
                "reference": "e5c6f46cfbf3b6c20e7f55c02cc8345b65ed873f"
            },
            "dist": {
                "type": "zip",
                "url": "https://api.github.com/repos/calinrada/php-apidoc/zipball/e5c6f46cfbf3b6c20e7f55c02cc8345b65ed873f",
                "reference": "e5c6f46cfbf3b6c20e7f55c02cc8345b65ed873f",
                "shasum": "",
                "mirrors": [
                    {
                        "url": "https://mirrors.aliyun.com/composer/dists/%package%/%reference%.%type%",
                        "preferred": true
                    }
                ]
            },
            "require": {
                "php": ">=5.3.2"
            },
            "type": "library",
            "extra": {
                "branch-alias": {
                    "dev-master": "1.3-dev"
                }
            },
            "autoload": {
                "psr-0": {
                    "Crada": ""
                }
            },
            "notification-url": "https://packagist.org/downloads/",
            "license": [
                "MIT"
            ],
            "authors": [
                {
                    "name": "Calin Rada",
                    "email": "rada.calin@gmail.com"
                },
                {
                    "name": "Borja Santos-Diez",
                    "email": "borja@santosdiez.es"
                },
                {
                    "name": "Kevin Saliou",
                    "email": "kevin@saliou.name"
                }
            ],
            "description": "Generate documentation for php API based application. No dependency. No framework required.",
            "homepage": "https://github.com/calinrada/php-apidoc",
            "keywords": [
                "api",
                "documentation",
                "generator",
                "php"
            ],
            "time": "2018-03-09T15:53:40+00:00"
        }
    ],
    "packages-dev": [],
    "aliases": [],
    "minimum-stability": "stable",
    "stability-flags": [],
    "prefer-stable": false,
    "prefer-lowest": false,
    "platform": {
        "php": ">=7.1"
    },
    "platform-dev": []
}
